// !$*UTF8*$!
{
	archiveVersion = 1;
	classes = {
	};
	objectVersion = 55;
	objects = {

/* Begin PBXBuildFile section */
		8306B51028263B3000E143F9 /* AddTaskViewController.swift in Sources */ = {isa = PBXBuildFile; fileRef = 8306B50E28263B3000E143F9 /* AddTaskViewController.swift */; };
		8306B51128263B3000E143F9 /* AddTaskViewController.xib in Resources */ = {isa = PBXBuildFile; fileRef = 8306B50F28263B3000E143F9 /* AddTaskViewController.xib */; };
		8306B5132826BDCF00E143F9 /* TaskColorStackView.swift in Sources */ = {isa = PBXBuildFile; fileRef = 8306B5122826BDCF00E143F9 /* TaskColorStackView.swift */; };
		8306B5152826C68500E143F9 /* TaskColorType.swift in Sources */ = {isa = PBXBuildFile; fileRef = 8306B5142826C68500E143F9 /* TaskColorType.swift */; };
		83253DBA28339D01008B3AFF /* Task+CoreDataProperties.swift in Sources */ = {isa = PBXBuildFile; fileRef = 83253DB828339D01008B3AFF /* Task+CoreDataProperties.swift */; };
		83253DBB28339D01008B3AFF /* Task+CoreDataClass.swift in Sources */ = {isa = PBXBuildFile; fileRef = 83253DB928339D01008B3AFF /* Task+CoreDataClass.swift */; };
		83253DC32833F042008B3AFF /* AddTaskPresenterTest.swift in Sources */ = {isa = PBXBuildFile; fileRef = 83253DC22833F042008B3AFF /* AddTaskPresenterTest.swift */; };
		833F0B40283524EA00BDB9FB /* CoreData+TaskViewDataStore.swift in Sources */ = {isa = PBXBuildFile; fileRef = 833F0B3F283524EA00BDB9FB /* CoreData+TaskViewDataStore.swift */; };
		833F0B43283527EB00BDB9FB /* CoreData+AddTaskViewDataStore.swift in Sources */ = {isa = PBXBuildFile; fileRef = 833F0B42283527EB00BDB9FB /* CoreData+AddTaskViewDataStore.swift */; };
		833F0B462835365300BDB9FB /* TaskModel.swift in Sources */ = {isa = PBXBuildFile; fileRef = 833F0B452835365300BDB9FB /* TaskModel.swift */; };
		8346F57F2828F594009BC983 /* TaskTypeStackView.swift in Sources */ = {isa = PBXBuildFile; fileRef = 8346F57E2828F594009BC983 /* TaskTypeStackView.swift */; };
		8346F5812828FD0E009BC983 /* CoreDataStack.swift in Sources */ = {isa = PBXBuildFile; fileRef = 8346F5802828FD0E009BC983 /* CoreDataStack.swift */; };
		8346F5842828FF2C009BC983 /* Task.xcdatamodeld in Sources */ = {isa = PBXBuildFile; fileRef = 8346F5822828FF2C009BC983 /* Task.xcdatamodeld */; };
		8346F58A28290435009BC983 /* ColorAttributeTransformer.swift in Sources */ = {isa = PBXBuildFile; fileRef = 8346F58928290435009BC983 /* ColorAttributeTransformer.swift */; };
		8346F58C28290F2A009BC983 /* UIFactory.swift in Sources */ = {isa = PBXBuildFile; fileRef = 8346F58B28290F2A009BC983 /* UIFactory.swift */; };
		8346F58E28290F48009BC983 /* Router.swift in Sources */ = {isa = PBXBuildFile; fileRef = 8346F58D28290F48009BC983 /* Router.swift */; };
		8346F59028290F68009BC983 /* AppFlow.swift in Sources */ = {isa = PBXBuildFile; fileRef = 8346F58F28290F68009BC983 /* AppFlow.swift */; };
		8346F59C28291E2D009BC983 /* AddTaskViewPresenter.swift in Sources */ = {isa = PBXBuildFile; fileRef = 8346F59B28291E2D009BC983 /* AddTaskViewPresenter.swift */; };
		8346F59E28291E4E009BC983 /* TaskViewPresenter.swift in Sources */ = {isa = PBXBuildFile; fileRef = 8346F59D28291E4E009BC983 /* TaskViewPresenter.swift */; };
		8346F5A028295830009BC983 /* PresentableTask.swift in Sources */ = {isa = PBXBuildFile; fileRef = 8346F59F28295830009BC983 /* PresentableTask.swift */; };
		83860C4528256BBA00B1090D /* AppDelegate.swift in Sources */ = {isa = PBXBuildFile; fileRef = 83860C4428256BBA00B1090D /* AppDelegate.swift */; };
		83860C4728256BBA00B1090D /* SceneDelegate.swift in Sources */ = {isa = PBXBuildFile; fileRef = 83860C4628256BBA00B1090D /* SceneDelegate.swift */; };
		83860C4E28256BBC00B1090D /* Assets.xcassets in Resources */ = {isa = PBXBuildFile; fileRef = 83860C4D28256BBC00B1090D /* Assets.xcassets */; };
		83860C5128256BBC00B1090D /* LaunchScreen.storyboard in Resources */ = {isa = PBXBuildFile; fileRef = 83860C4F28256BBC00B1090D /* LaunchScreen.storyboard */; };
		83860C5C28256BBC00B1090D /* TaskManagerTests.swift in Sources */ = {isa = PBXBuildFile; fileRef = 83860C5B28256BBC00B1090D /* TaskManagerTests.swift */; };
		83860C7628256C7000B1090D /* TaskViewController.swift in Sources */ = {isa = PBXBuildFile; fileRef = 83860C7428256C7000B1090D /* TaskViewController.swift */; };
		83860C7728256C7000B1090D /* TaskViewController.xib in Resources */ = {isa = PBXBuildFile; fileRef = 83860C7528256C7000B1090D /* TaskViewController.xib */; };
		83860C7A28257AA400B1090D /* TaskCell.swift in Sources */ = {isa = PBXBuildFile; fileRef = 83860C7828257AA400B1090D /* TaskCell.swift */; };
		83860C7B28257AA400B1090D /* TaskCell.xib in Resources */ = {isa = PBXBuildFile; fileRef = 83860C7928257AA400B1090D /* TaskCell.xib */; };
		838A17A12836337E002C66A7 /* TaskViewControllerTest.swift in Sources */ = {isa = PBXBuildFile; fileRef = 838A17A02836337E002C66A7 /* TaskViewControllerTest.swift */; };
		83BAF5C72834997700A79E49 /* AddTaskViewControllerTest.swift in Sources */ = {isa = PBXBuildFile; fileRef = 83BAF5C62834997700A79E49 /* AddTaskViewControllerTest.swift */; };
		83D7164328349E4A00595124 /* TaskViewPresenterTest.swift in Sources */ = {isa = PBXBuildFile; fileRef = 83D7164228349E4A00595124 /* TaskViewPresenterTest.swift */; };
/* End PBXBuildFile section */

/* Begin PBXContainerItemProxy section */
		83860C5828256BBC00B1090D /* PBXContainerItemProxy */ = {
			isa = PBXContainerItemProxy;
			containerPortal = 83860C3928256BBA00B1090D /* Project object */;
			proxyType = 1;
			remoteGlobalIDString = 83860C4028256BBA00B1090D;
			remoteInfo = TaskManager;
		};
		83860C6228256BBC00B1090D /* PBXContainerItemProxy */ = {
			isa = PBXContainerItemProxy;
			containerPortal = 83860C3928256BBA00B1090D /* Project object */;
			proxyType = 1;
			remoteGlobalIDString = 83860C4028256BBA00B1090D;
			remoteInfo = TaskManager;
		};
/* End PBXContainerItemProxy section */

/* Begin PBXFileReference section */
		8306B50E28263B3000E143F9 /* AddTaskViewController.swift */ = {isa = PBXFileReference; lastKnownFileType = sourcecode.swift; path = AddTaskViewController.swift; sourceTree = "<group>"; };
		8306B50F28263B3000E143F9 /* AddTaskViewController.xib */ = {isa = PBXFileReference; lastKnownFileType = file.xib; path = AddTaskViewController.xib; sourceTree = "<group>"; };
		8306B5122826BDCF00E143F9 /* TaskColorStackView.swift */ = {isa = PBXFileReference; lastKnownFileType = sourcecode.swift; path = TaskColorStackView.swift; sourceTree = "<group>"; };
		8306B5142826C68500E143F9 /* TaskColorType.swift */ = {isa = PBXFileReference; lastKnownFileType = sourcecode.swift; path = TaskColorType.swift; sourceTree = "<group>"; };
		83253DB828339D01008B3AFF /* Task+CoreDataProperties.swift */ = {isa = PBXFileReference; fileEncoding = 4; lastKnownFileType = sourcecode.swift; path = "Task+CoreDataProperties.swift"; sourceTree = "<group>"; };
		83253DB928339D01008B3AFF /* Task+CoreDataClass.swift */ = {isa = PBXFileReference; fileEncoding = 4; lastKnownFileType = sourcecode.swift; path = "Task+CoreDataClass.swift"; sourceTree = "<group>"; };
		83253DC22833F042008B3AFF /* AddTaskPresenterTest.swift */ = {isa = PBXFileReference; lastKnownFileType = sourcecode.swift; path = AddTaskPresenterTest.swift; sourceTree = "<group>"; };
		833F0B3F283524EA00BDB9FB /* CoreData+TaskViewDataStore.swift */ = {isa = PBXFileReference; lastKnownFileType = sourcecode.swift; path = "CoreData+TaskViewDataStore.swift"; sourceTree = "<group>"; };
		833F0B42283527EB00BDB9FB /* CoreData+AddTaskViewDataStore.swift */ = {isa = PBXFileReference; lastKnownFileType = sourcecode.swift; path = "CoreData+AddTaskViewDataStore.swift"; sourceTree = "<group>"; };
		833F0B452835365300BDB9FB /* TaskModel.swift */ = {isa = PBXFileReference; lastKnownFileType = sourcecode.swift; path = TaskModel.swift; sourceTree = "<group>"; };
		8346F57E2828F594009BC983 /* TaskTypeStackView.swift */ = {isa = PBXFileReference; lastKnownFileType = sourcecode.swift; path = TaskTypeStackView.swift; sourceTree = "<group>"; };
		8346F5802828FD0E009BC983 /* CoreDataStack.swift */ = {isa = PBXFileReference; lastKnownFileType = sourcecode.swift; path = CoreDataStack.swift; sourceTree = "<group>"; };
		8346F5832828FF2C009BC983 /* Task.xcdatamodel */ = {isa = PBXFileReference; lastKnownFileType = wrapper.xcdatamodel; path = Task.xcdatamodel; sourceTree = "<group>"; };
		8346F58928290435009BC983 /* ColorAttributeTransformer.swift */ = {isa = PBXFileReference; lastKnownFileType = sourcecode.swift; path = ColorAttributeTransformer.swift; sourceTree = "<group>"; };
		8346F58B28290F2A009BC983 /* UIFactory.swift */ = {isa = PBXFileReference; lastKnownFileType = sourcecode.swift; path = UIFactory.swift; sourceTree = "<group>"; };
		8346F58D28290F48009BC983 /* Router.swift */ = {isa = PBXFileReference; lastKnownFileType = sourcecode.swift; path = Router.swift; sourceTree = "<group>"; };
		8346F58F28290F68009BC983 /* AppFlow.swift */ = {isa = PBXFileReference; lastKnownFileType = sourcecode.swift; path = AppFlow.swift; sourceTree = "<group>"; };
		8346F59B28291E2D009BC983 /* AddTaskViewPresenter.swift */ = {isa = PBXFileReference; lastKnownFileType = sourcecode.swift; path = AddTaskViewPresenter.swift; sourceTree = "<group>"; };
		8346F59D28291E4E009BC983 /* TaskViewPresenter.swift */ = {isa = PBXFileReference; lastKnownFileType = sourcecode.swift; path = TaskViewPresenter.swift; sourceTree = "<group>"; };
		8346F59F28295830009BC983 /* PresentableTask.swift */ = {isa = PBXFileReference; lastKnownFileType = sourcecode.swift; path = PresentableTask.swift; sourceTree = "<group>"; };
		83860C4128256BBA00B1090D /* TaskManager.app */ = {isa = PBXFileReference; explicitFileType = wrapper.application; includeInIndex = 0; path = TaskManager.app; sourceTree = BUILT_PRODUCTS_DIR; };
		83860C4428256BBA00B1090D /* AppDelegate.swift */ = {isa = PBXFileReference; lastKnownFileType = sourcecode.swift; path = AppDelegate.swift; sourceTree = "<group>"; };
		83860C4628256BBA00B1090D /* SceneDelegate.swift */ = {isa = PBXFileReference; lastKnownFileType = sourcecode.swift; path = SceneDelegate.swift; sourceTree = "<group>"; };
		83860C4D28256BBC00B1090D /* Assets.xcassets */ = {isa = PBXFileReference; lastKnownFileType = folder.assetcatalog; path = Assets.xcassets; sourceTree = "<group>"; };
		83860C5028256BBC00B1090D /* Base */ = {isa = PBXFileReference; lastKnownFileType = file.storyboard; name = Base; path = Base.lproj/LaunchScreen.storyboard; sourceTree = "<group>"; };
		83860C5228256BBC00B1090D /* Info.plist */ = {isa = PBXFileReference; lastKnownFileType = text.plist.xml; path = Info.plist; sourceTree = "<group>"; };
		83860C5728256BBC00B1090D /* TaskManagerTests.xctest */ = {isa = PBXFileReference; explicitFileType = wrapper.cfbundle; includeInIndex = 0; path = TaskManagerTests.xctest; sourceTree = BUILT_PRODUCTS_DIR; };
		83860C5B28256BBC00B1090D /* TaskManagerTests.swift */ = {isa = PBXFileReference; lastKnownFileType = sourcecode.swift; path = TaskManagerTests.swift; sourceTree = "<group>"; };
		83860C6128256BBC00B1090D /* TaskManagerUITests.xctest */ = {isa = PBXFileReference; explicitFileType = wrapper.cfbundle; includeInIndex = 0; path = TaskManagerUITests.xctest; sourceTree = BUILT_PRODUCTS_DIR; };
		83860C7428256C7000B1090D /* TaskViewController.swift */ = {isa = PBXFileReference; lastKnownFileType = sourcecode.swift; path = TaskViewController.swift; sourceTree = "<group>"; };
		83860C7528256C7000B1090D /* TaskViewController.xib */ = {isa = PBXFileReference; lastKnownFileType = file.xib; path = TaskViewController.xib; sourceTree = "<group>"; };
		83860C7828257AA400B1090D /* TaskCell.swift */ = {isa = PBXFileReference; lastKnownFileType = sourcecode.swift; path = TaskCell.swift; sourceTree = "<group>"; };
		83860C7928257AA400B1090D /* TaskCell.xib */ = {isa = PBXFileReference; lastKnownFileType = file.xib; path = TaskCell.xib; sourceTree = "<group>"; };
		838A17A02836337E002C66A7 /* TaskViewControllerTest.swift */ = {isa = PBXFileReference; lastKnownFileType = sourcecode.swift; path = TaskViewControllerTest.swift; sourceTree = "<group>"; };
		83BAF5C62834997700A79E49 /* AddTaskViewControllerTest.swift */ = {isa = PBXFileReference; lastKnownFileType = sourcecode.swift; path = AddTaskViewControllerTest.swift; sourceTree = "<group>"; };
		83D7164228349E4A00595124 /* TaskViewPresenterTest.swift */ = {isa = PBXFileReference; lastKnownFileType = sourcecode.swift; path = TaskViewPresenterTest.swift; sourceTree = "<group>"; };
/* End PBXFileReference section */

/* Begin PBXFrameworksBuildPhase section */
		83860C3E28256BBA00B1090D /* Frameworks */ = {
			isa = PBXFrameworksBuildPhase;
			buildActionMask = 2147483647;
			files = (
			);
			runOnlyForDeploymentPostprocessing = 0;
		};
		83860C5428256BBC00B1090D /* Frameworks */ = {
			isa = PBXFrameworksBuildPhase;
			buildActionMask = 2147483647;
			files = (
			);
			runOnlyForDeploymentPostprocessing = 0;
		};
		83860C5E28256BBC00B1090D /* Frameworks */ = {
			isa = PBXFrameworksBuildPhase;
			buildActionMask = 2147483647;
			files = (
			);
			runOnlyForDeploymentPostprocessing = 0;
		};
/* End PBXFrameworksBuildPhase section */

/* Begin PBXGroup section */
		83253DC12833F02D008B3AFF /* AddTask */ = {
			isa = PBXGroup;
			children = (
				83253DC22833F042008B3AFF /* AddTaskPresenterTest.swift */,
				83BAF5C62834997700A79E49 /* AddTaskViewControllerTest.swift */,
			);
			path = AddTask;
			sourceTree = "<group>";
		};
		833F0B3E283524D200BDB9FB /* DataStore */ = {
			isa = PBXGroup;
			children = (
				833F0B3F283524EA00BDB9FB /* CoreData+TaskViewDataStore.swift */,
			);
			path = DataStore;
			sourceTree = "<group>";
		};
		833F0B41283527D700BDB9FB /* DataStore */ = {
			isa = PBXGroup;
			children = (
				833F0B42283527EB00BDB9FB /* CoreData+AddTaskViewDataStore.swift */,
			);
			path = DataStore;
			sourceTree = "<group>";
		};
		833F0B442835364500BDB9FB /* Model */ = {
			isa = PBXGroup;
			children = (
				833F0B452835365300BDB9FB /* TaskModel.swift */,
			);
			path = Model;
			sourceTree = "<group>";
		};
		8346F59128291D5C009BC983 /* CoreData */ = {
			isa = PBXGroup;
			children = (
				83253DB928339D01008B3AFF /* Task+CoreDataClass.swift */,
				83253DB828339D01008B3AFF /* Task+CoreDataProperties.swift */,
				8346F5822828FF2C009BC983 /* Task.xcdatamodeld */,
				8346F58928290435009BC983 /* ColorAttributeTransformer.swift */,
				8346F5802828FD0E009BC983 /* CoreDataStack.swift */,
			);
			path = CoreData;
			sourceTree = "<group>";
		};
		8346F59228291D6D009BC983 /* CustomView */ = {
			isa = PBXGroup;
			children = (
				8306B5122826BDCF00E143F9 /* TaskColorStackView.swift */,
				8346F57E2828F594009BC983 /* TaskTypeStackView.swift */,
				8306B5142826C68500E143F9 /* TaskColorType.swift */,
			);
			path = CustomView;
			sourceTree = "<group>";
		};
		8346F59328291D89009BC983 /* AppFlow */ = {
			isa = PBXGroup;
			children = (
				8346F58B28290F2A009BC983 /* UIFactory.swift */,
				8346F58D28290F48009BC983 /* Router.swift */,
				8346F58F28290F68009BC983 /* AppFlow.swift */,
			);
			path = AppFlow;
			sourceTree = "<group>";
		};
		8346F59428291DB8009BC983 /* TaskList */ = {
			isa = PBXGroup;
			children = (
				833F0B3E283524D200BDB9FB /* DataStore */,
				8346F59A28291E0A009BC983 /* Presenter */,
				8346F59928291DFC009BC983 /* ViewController */,
				8346F59828291DF6009BC983 /* Cell */,
			);
			path = TaskList;
			sourceTree = "<group>";
		};
		8346F59528291DCA009BC983 /* AddTask */ = {
			isa = PBXGroup;
			children = (
				833F0B41283527D700BDB9FB /* DataStore */,
				8346F59728291DEB009BC983 /* Presenter */,
				8346F59628291DE3009BC983 /* ViewController */,
			);
			path = AddTask;
			sourceTree = "<group>";
		};
		8346F59628291DE3009BC983 /* ViewController */ = {
			isa = PBXGroup;
			children = (
				8306B50E28263B3000E143F9 /* AddTaskViewController.swift */,
				8306B50F28263B3000E143F9 /* AddTaskViewController.xib */,
			);
			path = ViewController;
			sourceTree = "<group>";
		};
		8346F59728291DEB009BC983 /* Presenter */ = {
			isa = PBXGroup;
			children = (
				8346F59B28291E2D009BC983 /* AddTaskViewPresenter.swift */,
			);
			path = Presenter;
			sourceTree = "<group>";
		};
		8346F59828291DF6009BC983 /* Cell */ = {
			isa = PBXGroup;
			children = (
				83860C7828257AA400B1090D /* TaskCell.swift */,
				83860C7928257AA400B1090D /* TaskCell.xib */,
			);
			path = Cell;
			sourceTree = "<group>";
		};
		8346F59928291DFC009BC983 /* ViewController */ = {
			isa = PBXGroup;
			children = (
				83860C7428256C7000B1090D /* TaskViewController.swift */,
				83860C7528256C7000B1090D /* TaskViewController.xib */,
			);
			path = ViewController;
			sourceTree = "<group>";
		};
		8346F59A28291E0A009BC983 /* Presenter */ = {
			isa = PBXGroup;
			children = (
				8346F59D28291E4E009BC983 /* TaskViewPresenter.swift */,
				8346F59F28295830009BC983 /* PresentableTask.swift */,
			);
			path = Presenter;
			sourceTree = "<group>";
		};
		83860C3828256BBA00B1090D = {
			isa = PBXGroup;
			children = (
				83860C4328256BBA00B1090D /* TaskManager */,
				83860C5A28256BBC00B1090D /* TaskManagerTests */,
				83860C4228256BBA00B1090D /* Products */,
			);
			sourceTree = "<group>";
		};
		83860C4228256BBA00B1090D /* Products */ = {
			isa = PBXGroup;
			children = (
				83860C4128256BBA00B1090D /* TaskManager.app */,
				83860C5728256BBC00B1090D /* TaskManagerTests.xctest */,
				83860C6128256BBC00B1090D /* TaskManagerUITests.xctest */,
			);
			name = Products;
			sourceTree = "<group>";
		};
		83860C4328256BBA00B1090D /* TaskManager */ = {
			isa = PBXGroup;
			children = (
				833F0B442835364500BDB9FB /* Model */,
				8346F59528291DCA009BC983 /* AddTask */,
				8346F59428291DB8009BC983 /* TaskList */,
				8346F59328291D89009BC983 /* AppFlow */,
				8346F59228291D6D009BC983 /* CustomView */,
				8346F59128291D5C009BC983 /* CoreData */,
				83860C4428256BBA00B1090D /* AppDelegate.swift */,
				83860C4628256BBA00B1090D /* SceneDelegate.swift */,
				83860C4D28256BBC00B1090D /* Assets.xcassets */,
				83860C4F28256BBC00B1090D /* LaunchScreen.storyboard */,
				83860C5228256BBC00B1090D /* Info.plist */,
			);
			path = TaskManager;
			sourceTree = "<group>";
		};
		83860C5A28256BBC00B1090D /* TaskManagerTests */ = {
			isa = PBXGroup;
			children = (
				83D7164128349E3600595124 /* TaskList */,
				83253DC12833F02D008B3AFF /* AddTask */,
				83860C5B28256BBC00B1090D /* TaskManagerTests.swift */,
			);
			path = TaskManagerTests;
			sourceTree = "<group>";
		};
		83D7164128349E3600595124 /* TaskList */ = {
			isa = PBXGroup;
			children = (
				83D7164228349E4A00595124 /* TaskViewPresenterTest.swift */,
				838A17A02836337E002C66A7 /* TaskViewControllerTest.swift */,
			);
			path = TaskList;
			sourceTree = "<group>";
		};
/* End PBXGroup section */

/* Begin PBXNativeTarget section */
		83860C4028256BBA00B1090D /* TaskManager */ = {
			isa = PBXNativeTarget;
			buildConfigurationList = 83860C6B28256BBC00B1090D /* Build configuration list for PBXNativeTarget "TaskManager" */;
			buildPhases = (
				83860C3D28256BBA00B1090D /* Sources */,
				83860C3E28256BBA00B1090D /* Frameworks */,
				83860C3F28256BBA00B1090D /* Resources */,
			);
			buildRules = (
			);
			dependencies = (
			);
			name = TaskManager;
			productName = TaskManager;
			productReference = 83860C4128256BBA00B1090D /* TaskManager.app */;
			productType = "com.apple.product-type.application";
		};
		83860C5628256BBC00B1090D /* TaskManagerTests */ = {
			isa = PBXNativeTarget;
			buildConfigurationList = 83860C6E28256BBC00B1090D /* Build configuration list for PBXNativeTarget "TaskManagerTests" */;
			buildPhases = (
				83860C5328256BBC00B1090D /* Sources */,
				83860C5428256BBC00B1090D /* Frameworks */,
				83860C5528256BBC00B1090D /* Resources */,
			);
			buildRules = (
			);
			dependencies = (
				83860C5928256BBC00B1090D /* PBXTargetDependency */,
			);
			name = TaskManagerTests;
			productName = TaskManagerTests;
			productReference = 83860C5728256BBC00B1090D /* TaskManagerTests.xctest */;
			productType = "com.apple.product-type.bundle.unit-test";
		};
		83860C6028256BBC00B1090D /* TaskManagerUITests */ = {
			isa = PBXNativeTarget;
			buildConfigurationList = 83860C7128256BBC00B1090D /* Build configuration list for PBXNativeTarget "TaskManagerUITests" */;
			buildPhases = (
				83860C5D28256BBC00B1090D /* Sources */,
				83860C5E28256BBC00B1090D /* Frameworks */,
				83860C5F28256BBC00B1090D /* Resources */,
			);
			buildRules = (
			);
			dependencies = (
				83860C6328256BBC00B1090D /* PBXTargetDependency */,
			);
			name = TaskManagerUITests;
			productName = TaskManagerUITests;
			productReference = 83860C6128256BBC00B1090D /* TaskManagerUITests.xctest */;
			productType = "com.apple.product-type.bundle.ui-testing";
		};
/* End PBXNativeTarget section */

/* Begin PBXProject section */
		83860C3928256BBA00B1090D /* Project object */ = {
			isa = PBXProject;
			attributes = {
				BuildIndependentTargetsInParallel = 1;
				LastSwiftUpdateCheck = 1320;
				LastUpgradeCheck = 1320;
				TargetAttributes = {
					83860C4028256BBA00B1090D = {
						CreatedOnToolsVersion = 13.2.1;
					};
					83860C5628256BBC00B1090D = {
						CreatedOnToolsVersion = 13.2.1;
						TestTargetID = 83860C4028256BBA00B1090D;
					};
					83860C6028256BBC00B1090D = {
						CreatedOnToolsVersion = 13.2.1;
						TestTargetID = 83860C4028256BBA00B1090D;
					};
				};
			};
			buildConfigurationList = 83860C3C28256BBA00B1090D /* Build configuration list for PBXProject "TaskManager" */;
			compatibilityVersion = "Xcode 13.0";
			developmentRegion = en;
			hasScannedForEncodings = 0;
			knownRegions = (
				en,
				Base,
			);
			mainGroup = 83860C3828256BBA00B1090D;
			productRefGroup = 83860C4228256BBA00B1090D /* Products */;
			projectDirPath = "";
			projectRoot = "";
			targets = (
				83860C4028256BBA00B1090D /* TaskManager */,
				83860C5628256BBC00B1090D /* TaskManagerTests */,
				83860C6028256BBC00B1090D /* TaskManagerUITests */,
			);
		};
/* End PBXProject section */

/* Begin PBXResourcesBuildPhase section */
		83860C3F28256BBA00B1090D /* Resources */ = {
			isa = PBXResourcesBuildPhase;
			buildActionMask = 2147483647;
			files = (
				83860C7B28257AA400B1090D /* TaskCell.xib in Resources */,
				83860C7728256C7000B1090D /* TaskViewController.xib in Resources */,
				83860C5128256BBC00B1090D /* LaunchScreen.storyboard in Resources */,
				8306B51128263B3000E143F9 /* AddTaskViewController.xib in Resources */,
				83860C4E28256BBC00B1090D /* Assets.xcassets in Resources */,
			);
			runOnlyForDeploymentPostprocessing = 0;
		};
		83860C5528256BBC00B1090D /* Resources */ = {
			isa = PBXResourcesBuildPhase;
			buildActionMask = 2147483647;
			files = (
			);
			runOnlyForDeploymentPostprocessing = 0;
		};
		83860C5F28256BBC00B1090D /* Resources */ = {
			isa = PBXResourcesBuildPhase;
			buildActionMask = 2147483647;
			files = (
			);
			runOnlyForDeploymentPostprocessing = 0;
		};
/* End PBXResourcesBuildPhase section */

/* Begin PBXSourcesBuildPhase section */
		83860C3D28256BBA00B1090D /* Sources */ = {
			isa = PBXSourcesBuildPhase;
			buildActionMask = 2147483647;
			files = (
				833F0B40283524EA00BDB9FB /* CoreData+TaskViewDataStore.swift in Sources */,
				8346F59E28291E4E009BC983 /* TaskViewPresenter.swift in Sources */,
				8346F57F2828F594009BC983 /* TaskTypeStackView.swift in Sources */,
				8346F59028290F68009BC983 /* AppFlow.swift in Sources */,
				833F0B462835365300BDB9FB /* TaskModel.swift in Sources */,
				8306B5132826BDCF00E143F9 /* TaskColorStackView.swift in Sources */,
				83253DBA28339D01008B3AFF /* Task+CoreDataProperties.swift in Sources */,
				83860C7A28257AA400B1090D /* TaskCell.swift in Sources */,
				8346F5812828FD0E009BC983 /* CoreDataStack.swift in Sources */,
				8346F5A028295830009BC983 /* PresentableTask.swift in Sources */,
				83253DBB28339D01008B3AFF /* Task+CoreDataClass.swift in Sources */,
				8346F58C28290F2A009BC983 /* UIFactory.swift in Sources */,
				83860C4528256BBA00B1090D /* AppDelegate.swift in Sources */,
				83860C4728256BBA00B1090D /* SceneDelegate.swift in Sources */,
				8346F58E28290F48009BC983 /* Router.swift in Sources */,
				83860C7628256C7000B1090D /* TaskViewController.swift in Sources */,
				833F0B43283527EB00BDB9FB /* CoreData+AddTaskViewDataStore.swift in Sources */,
				8306B5152826C68500E143F9 /* TaskColorType.swift in Sources */,
				8346F59C28291E2D009BC983 /* AddTaskViewPresenter.swift in Sources */,
				8346F58A28290435009BC983 /* ColorAttributeTransformer.swift in Sources */,
				8346F5842828FF2C009BC983 /* Task.xcdatamodeld in Sources */,
				8306B51028263B3000E143F9 /* AddTaskViewController.swift in Sources */,
			);
			runOnlyForDeploymentPostprocessing = 0;
		};
		83860C5328256BBC00B1090D /* Sources */ = {
			isa = PBXSourcesBuildPhase;
			buildActionMask = 2147483647;
			files = (
				83D7164328349E4A00595124 /* TaskViewPresenterTest.swift in Sources */,
				83BAF5C72834997700A79E49 /* AddTaskViewControllerTest.swift in Sources */,
				83860C5C28256BBC00B1090D /* TaskManagerTests.swift in Sources */,
				83253DC32833F042008B3AFF /* AddTaskPresenterTest.swift in Sources */,
				838A17A12836337E002C66A7 /* TaskViewControllerTest.swift in Sources */,
			);
			runOnlyForDeploymentPostprocessing = 0;
		};
		83860C5D28256BBC00B1090D /* Sources */ = {
			isa = PBXSourcesBuildPhase;
			buildActionMask = 2147483647;
			files = (
			);
			runOnlyForDeploymentPostprocessing = 0;
		};
/* End PBXSourcesBuildPhase section */

/* Begin PBXTargetDependency section */
		83860C5928256BBC00B1090D /* PBXTargetDependency */ = {
			isa = PBXTargetDependency;
			target = 83860C4028256BBA00B1090D /* TaskManager */;
			targetProxy = 83860C5828256BBC00B1090D /* PBXContainerItemProxy */;
		};
		83860C6328256BBC00B1090D /* PBXTargetDependency */ = {
			isa = PBXTargetDependency;
			target = 83860C4028256BBA00B1090D /* TaskManager */;
			targetProxy = 83860C6228256BBC00B1090D /* PBXContainerItemProxy */;
		};
/* End PBXTargetDependency section */

/* Begin PBXVariantGroup section */
		83860C4F28256BBC00B1090D /* LaunchScreen.storyboard */ = {
			isa = PBXVariantGroup;
			children = (
				83860C5028256BBC00B1090D /* Base */,
			);
			name = LaunchScreen.storyboard;
			sourceTree = "<group>";
		};
/* End PBXVariantGroup section */

/* Begin XCBuildConfiguration section */
		83860C6928256BBC00B1090D /* Debug */ = {
			isa = XCBuildConfiguration;
			buildSettings = {
				ALWAYS_SEARCH_USER_PATHS = NO;
				CLANG_ANALYZER_NONNULL = YES;
				CLANG_ANALYZER_NUMBER_OBJECT_CONVERSION = YES_AGGRESSIVE;
				CLANG_CXX_LANGUAGE_STANDARD = "gnu++17";
				CLANG_CXX_LIBRARY = "libc++";
				CLANG_ENABLE_MODULES = YES;
				CLANG_ENABLE_OBJC_ARC = YES;
				CLANG_ENABLE_OBJC_WEAK = YES;
				CLANG_WARN_BLOCK_CAPTURE_AUTORELEASING = YES;
				CLANG_WARN_BOOL_CONVERSION = YES;
				CLANG_WARN_COMMA = YES;
				CLANG_WARN_CONSTANT_CONVERSION = YES;
				CLANG_WARN_DEPRECATED_OBJC_IMPLEMENTATIONS = YES;
				CLANG_WARN_DIRECT_OBJC_ISA_USAGE = YES_ERROR;
				CLANG_WARN_DOCUMENTATION_COMMENTS = YES;
				CLANG_WARN_EMPTY_BODY = YES;
				CLANG_WARN_ENUM_CONVERSION = YES;
				CLANG_WARN_INFINITE_RECURSION = YES;
				CLANG_WARN_INT_CONVERSION = YES;
				CLANG_WARN_NON_LITERAL_NULL_CONVERSION = YES;
				CLANG_WARN_OBJC_IMPLICIT_RETAIN_SELF = YES;
				CLANG_WARN_OBJC_LITERAL_CONVERSION = YES;
				CLANG_WARN_OBJC_ROOT_CLASS = YES_ERROR;
				CLANG_WARN_QUOTED_INCLUDE_IN_FRAMEWORK_HEADER = YES;
				CLANG_WARN_RANGE_LOOP_ANALYSIS = YES;
				CLANG_WARN_STRICT_PROTOTYPES = YES;
				CLANG_WARN_SUSPICIOUS_MOVE = YES;
				CLANG_WARN_UNGUARDED_AVAILABILITY = YES_AGGRESSIVE;
				CLANG_WARN_UNREACHABLE_CODE = YES;
				CLANG_WARN__DUPLICATE_METHOD_MATCH = YES;
				COPY_PHASE_STRIP = NO;
				DEBUG_INFORMATION_FORMAT = dwarf;
				ENABLE_STRICT_OBJC_MSGSEND = YES;
				ENABLE_TESTABILITY = YES;
				GCC_C_LANGUAGE_STANDARD = gnu11;
				GCC_DYNAMIC_NO_PIC = NO;
				GCC_NO_COMMON_BLOCKS = YES;
				GCC_OPTIMIZATION_LEVEL = 0;
				GCC_PREPROCESSOR_DEFINITIONS = (
					"DEBUG=1",
					"$(inherited)",
				);
				GCC_WARN_64_TO_32_BIT_CONVERSION = YES;
				GCC_WARN_ABOUT_RETURN_TYPE = YES_ERROR;
				GCC_WARN_UNDECLARED_SELECTOR = YES;
				GCC_WARN_UNINITIALIZED_AUTOS = YES_AGGRESSIVE;
				GCC_WARN_UNUSED_FUNCTION = YES;
				GCC_WARN_UNUSED_VARIABLE = YES;
				IPHONEOS_DEPLOYMENT_TARGET = 15.2;
				MTL_ENABLE_DEBUG_INFO = INCLUDE_SOURCE;
				MTL_FAST_MATH = YES;
				ONLY_ACTIVE_ARCH = YES;
				SDKROOT = iphoneos;
				SWIFT_ACTIVE_COMPILATION_CONDITIONS = DEBUG;
				SWIFT_OPTIMIZATION_LEVEL = "-Onone";
			};
			name = Debug;
		};
		83860C6A28256BBC00B1090D /* Release */ = {
			isa = XCBuildConfiguration;
			buildSettings = {
				ALWAYS_SEARCH_USER_PATHS = NO;
				CLANG_ANALYZER_NONNULL = YES;
				CLANG_ANALYZER_NUMBER_OBJECT_CONVERSION = YES_AGGRESSIVE;
				CLANG_CXX_LANGUAGE_STANDARD = "gnu++17";
				CLANG_CXX_LIBRARY = "libc++";
				CLANG_ENABLE_MODULES = YES;
				CLANG_ENABLE_OBJC_ARC = YES;
				CLANG_ENABLE_OBJC_WEAK = YES;
				CLANG_WARN_BLOCK_CAPTURE_AUTORELEASING = YES;
				CLANG_WARN_BOOL_CONVERSION = YES;
				CLANG_WARN_COMMA = YES;
				CLANG_WARN_CONSTANT_CONVERSION = YES;
				CLANG_WARN_DEPRECATED_OBJC_IMPLEMENTATIONS = YES;
				CLANG_WARN_DIRECT_OBJC_ISA_USAGE = YES_ERROR;
				CLANG_WARN_DOCUMENTATION_COMMENTS = YES;
				CLANG_WARN_EMPTY_BODY = YES;
				CLANG_WARN_ENUM_CONVERSION = YES;
				CLANG_WARN_INFINITE_RECURSION = YES;
				CLANG_WARN_INT_CONVERSION = YES;
				CLANG_WARN_NON_LITERAL_NULL_CONVERSION = YES;
				CLANG_WARN_OBJC_IMPLICIT_RETAIN_SELF = YES;
				CLANG_WARN_OBJC_LITERAL_CONVERSION = YES;
				CLANG_WARN_OBJC_ROOT_CLASS = YES_ERROR;
				CLANG_WARN_QUOTED_INCLUDE_IN_FRAMEWORK_HEADER = YES;
				CLANG_WARN_RANGE_LOOP_ANALYSIS = YES;
				CLANG_WARN_STRICT_PROTOTYPES = YES;
				CLANG_WARN_SUSPICIOUS_MOVE = YES;
				CLANG_WARN_UNGUARDED_AVAILABILITY = YES_AGGRESSIVE;
				CLANG_WARN_UNREACHABLE_CODE = YES;
				CLANG_WARN__DUPLICATE_METHOD_MATCH = YES;
				COPY_PHASE_STRIP = NO;
				DEBUG_INFORMATION_FORMAT = "dwarf-with-dsym";
				ENABLE_NS_ASSERTIONS = NO;
				ENABLE_STRICT_OBJC_MSGSEND = YES;
				GCC_C_LANGUAGE_STANDARD = gnu11;
				GCC_NO_COMMON_BLOCKS = YES;
				GCC_WARN_64_TO_32_BIT_CONVERSION = YES;
				GCC_WARN_ABOUT_RETURN_TYPE = YES_ERROR;
				GCC_WARN_UNDECLARED_SELECTOR = YES;
				GCC_WARN_UNINITIALIZED_AUTOS = YES_AGGRESSIVE;
				GCC_WARN_UNUSED_FUNCTION = YES;
				GCC_WARN_UNUSED_VARIABLE = YES;
				IPHONEOS_DEPLOYMENT_TARGET = 15.2;
				MTL_ENABLE_DEBUG_INFO = NO;
				MTL_FAST_MATH = YES;
				SDKROOT = iphoneos;
				SWIFT_COMPILATION_MODE = wholemodule;
				SWIFT_OPTIMIZATION_LEVEL = "-O";
				VALIDATE_PRODUCT = YES;
			};
			name = Release;
		};
		83860C6C28256BBC00B1090D /* Debug */ = {
			isa = XCBuildConfiguration;
			buildSettings = {
				ASSETCATALOG_COMPILER_APPICON_NAME = AppIcon;
				ASSETCATALOG_COMPILER_GLOBAL_ACCENT_COLOR_NAME = AccentColor;
				CODE_SIGN_STYLE = Automatic;
				CURRENT_PROJECT_VERSION = 1;
				DEVELOPMENT_TEAM = 66B8DPX244;
				GENERATE_INFOPLIST_FILE = YES;
				INFOPLIST_FILE = TaskManager/Info.plist;
				INFOPLIST_KEY_UIApplicationSupportsIndirectInputEvents = YES;
				INFOPLIST_KEY_UILaunchStoryboardName = LaunchScreen;
				INFOPLIST_KEY_UISupportedInterfaceOrientations_iPad = "UIInterfaceOrientationPortrait UIInterfaceOrientationPortraitUpsideDown UIInterfaceOrientationLandscapeLeft UIInterfaceOrientationLandscapeRight";
				INFOPLIST_KEY_UISupportedInterfaceOrientations_iPhone = "UIInterfaceOrientationPortrait UIInterfaceOrientationLandscapeLeft UIInterfaceOrientationLandscapeRight";
				LD_RUNPATH_SEARCH_PATHS = (
					"$(inherited)",
					"@executable_path/Frameworks",
				);
				MARKETING_VERSION = 1.0;
				PRODUCT_BUNDLE_IDENTIFIER = com.tifoaudi.TaskManager;
				PRODUCT_NAME = "$(TARGET_NAME)";
				SWIFT_EMIT_LOC_STRINGS = YES;
				SWIFT_VERSION = 5.0;
				TARGETED_DEVICE_FAMILY = "1,2";
			};
			name = Debug;
		};
		83860C6D28256BBC00B1090D /* Release */ = {
			isa = XCBuildConfiguration;
			buildSettings = {
				ASSETCATALOG_COMPILER_APPICON_NAME = AppIcon;
				ASSETCATALOG_COMPILER_GLOBAL_ACCENT_COLOR_NAME = AccentColor;
				CODE_SIGN_STYLE = Automatic;
				CURRENT_PROJECT_VERSION = 1;
				DEVELOPMENT_TEAM = 66B8DPX244;
				GENERATE_INFOPLIST_FILE = YES;
				INFOPLIST_FILE = TaskManager/Info.plist;
				INFOPLIST_KEY_UIApplicationSupportsIndirectInputEvents = YES;
				INFOPLIST_KEY_UILaunchStoryboardName = LaunchScreen;
				INFOPLIST_KEY_UISupportedInterfaceOrientations_iPad = "UIInterfaceOrientationPortrait UIInterfaceOrientationPortraitUpsideDown UIInterfaceOrientationLandscapeLeft UIInterfaceOrientationLandscapeRight";
				INFOPLIST_KEY_UISupportedInterfaceOrientations_iPhone = "UIInterfaceOrientationPortrait UIInterfaceOrientationLandscapeLeft UIInterfaceOrientationLandscapeRight";
				LD_RUNPATH_SEARCH_PATHS = (
					"$(inherited)",
					"@executable_path/Frameworks",
				);
				MARKETING_VERSION = 1.0;
				PRODUCT_BUNDLE_IDENTIFIER = com.tifoaudi.TaskManager;
				PRODUCT_NAME = "$(TARGET_NAME)";
				SWIFT_EMIT_LOC_STRINGS = YES;
				SWIFT_VERSION = 5.0;
				TARGETED_DEVICE_FAMILY = "1,2";
			};
			name = Release;
		};
		83860C6F28256BBC00B1090D /* Debug */ = {
			isa = XCBuildConfiguration;
			buildSettings = {
				ALWAYS_EMBED_SWIFT_STANDARD_LIBRARIES = YES;
				BUNDLE_LOADER = "$(TEST_HOST)";
				CODE_SIGN_STYLE = Automatic;
				CURRENT_PROJECT_VERSION = 1;
				DEVELOPMENT_TEAM = 66B8DPX244;
				GENERATE_INFOPLIST_FILE = YES;
				IPHONEOS_DEPLOYMENT_TARGET = 15.2;
				MARKETING_VERSION = 1.0;
				PRODUCT_BUNDLE_IDENTIFIER = com.tifoaudi.TaskManagerTests;
				PRODUCT_NAME = "$(TARGET_NAME)";
				SWIFT_EMIT_LOC_STRINGS = NO;
				SWIFT_VERSION = 5.0;
				TARGETED_DEVICE_FAMILY = "1,2";
				TEST_HOST = "$(BUILT_PRODUCTS_DIR)/TaskManager.app/TaskManager";
			};
			name = Debug;
		};
		83860C7028256BBC00B1090D /* Release */ = {
			isa = XCBuildConfiguration;
			buildSettings = {
				ALWAYS_EMBED_SWIFT_STANDARD_LIBRARIES = YES;
				BUNDLE_LOADER = "$(TEST_HOST)";
				CODE_SIGN_STYLE = Automatic;
				CURRENT_PROJECT_VERSION = 1;
				DEVELOPMENT_TEAM = 66B8DPX244;
				GENERATE_INFOPLIST_FILE = YES;
				IPHONEOS_DEPLOYMENT_TARGET = 15.2;
				MARKETING_VERSION = 1.0;
				PRODUCT_BUNDLE_IDENTIFIER = com.tifoaudi.TaskManagerTests;
				PRODUCT_NAME = "$(TARGET_NAME)";
				SWIFT_EMIT_LOC_STRINGS = NO;
				SWIFT_VERSION = 5.0;
				TARGETED_DEVICE_FAMILY = "1,2";
				TEST_HOST = "$(BUILT_PRODUCTS_DIR)/TaskManager.app/TaskManager";
			};
			name = Release;
		};
		83860C7228256BBC00B1090D /* Debug */ = {
			isa = XCBuildConfiguration;
			buildSettings = {
				ALWAYS_EMBED_SWIFT_STANDARD_LIBRARIES = YES;
				CODE_SIGN_STYLE = Automatic;
				CURRENT_PROJECT_VERSION = 1;
				DEVELOPMENT_TEAM = 66B8DPX244;
				GENERATE_INFOPLIST_FILE = YES;
				MARKETING_VERSION = 1.0;
				PRODUCT_BUNDLE_IDENTIFIER = com.tifoaudi.TaskManagerUITests;
				PRODUCT_NAME = "$(TARGET_NAME)";
				SWIFT_EMIT_LOC_STRINGS = NO;
				SWIFT_VERSION = 5.0;
				TARGETED_DEVICE_FAMILY = "1,2";
				TEST_TARGET_NAME = TaskManager;
			};
			name = Debug;
		};
		83860C7328256BBC00B1090D /* Release */ = {
			isa = XCBuildConfiguration;
			buildSettings = {
				ALWAYS_EMBED_SWIFT_STANDARD_LIBRARIES = YES;
				CODE_SIGN_STYLE = Automatic;
				CURRENT_PROJECT_VERSION = 1;
				DEVELOPMENT_TEAM = 66B8DPX244;
				GENERATE_INFOPLIST_FILE = YES;
				MARKETING_VERSION = 1.0;
				PRODUCT_BUNDLE_IDENTIFIER = com.tifoaudi.TaskManagerUITests;
				PRODUCT_NAME = "$(TARGET_NAME)";
				SWIFT_EMIT_LOC_STRINGS = NO;
				SWIFT_VERSION = 5.0;
				TARGETED_DEVICE_FAMILY = "1,2";
				TEST_TARGET_NAME = TaskManager;
			};
			name = Release;
		};
/* End XCBuildConfiguration section */

/* Begin XCConfigurationList section */
		83860C3C28256BBA00B1090D /* Build configuration list for PBXProject "TaskManager" */ = {
			isa = XCConfigurationList;
			buildConfigurations = (
				83860C6928256BBC00B1090D /* Debug */,
				83860C6A28256BBC00B1090D /* Release */,
			);
			defaultConfigurationIsVisible = 0;
			defaultConfigurationName = Release;
		};
		83860C6B28256BBC00B1090D /* Build configuration list for PBXNativeTarget "TaskManager" */ = {
			isa = XCConfigurationList;
			buildConfigurations = (
				83860C6C28256BBC00B1090D /* Debug */,
				83860C6D28256BBC00B1090D /* Release */,
			);
			defaultConfigurationIsVisible = 0;
			defaultConfigurationName = Release;
		};
		83860C6E28256BBC00B1090D /* Build configuration list for PBXNativeTarget "TaskManagerTests" */ = {
			isa = XCConfigurationList;
			buildConfigurations = (
				83860C6F28256BBC00B1090D /* Debug */,
				83860C7028256BBC00B1090D /* Release */,
			);
			defaultConfigurationIsVisible = 0;
			defaultConfigurationName = Release;
		};
		83860C7128256BBC00B1090D /* Build configuration list for PBXNativeTarget "TaskManagerUITests" */ = {
			isa = XCConfigurationList;
			buildConfigurations = (
				83860C7228256BBC00B1090D /* Debug */,
				83860C7328256BBC00B1090D /* Release */,
			);
			defaultConfigurationIsVisible = 0;
			defaultConfigurationName = Release;
		};
/* End XCConfigurationList section */

/* Begin XCVersionGroup section */
		8346F5822828FF2C009BC983 /* Task.xcdatamodeld */ = {
			isa = XCVersionGroup;
			children = (
				8346F5832828FF2C009BC983 /* Task.xcdatamodel */,
			);
			currentVersion = 8346F5832828FF2C009BC983 /* Task.xcdatamodel */;
			path = Task.xcdatamodeld;
			sourceTree = "<group>";
			versionGroupType = wrapper.xcdatamodel;
		};
/* End XCVersionGroup section */
	};
	rootObject = 83860C3928256BBA00B1090D /* Project object */;
}
